{
  "name": "DOM",
  "lockfileVersion": 2,
  "requires": true,
  "packages": {
    "": {
      "dependencies": {
        "mkdirwils-palindrome": "^1.0.2"
      }
    },
    "node_modules/mkdirwils-palindrome": {
      "version": "1.1.0",
      "resolved": "https://registry.npmjs.org/mkdirwils-palindrome/-/mkdirwils-palindrome-1.1.0.tgz",
      "integrity": "sha512-mlOZIOwHmGgzO2XbQ+C2Rbp+rCt8zHORS+YdiGRe4UH/bm4aClvZwUreqx2fQkYTfEmnxsNqak46KyulPywcow=="
    }
  },
  "dependencies": {
    "mkdirwils-palindrome": {
      "version": "1.1.0",
      "resolved": "https://registry.npmjs.org/mkdirwils-palindrome/-/mkdirwils-palindrome-1.1.0.tgz",
      "integrity": "sha512-mlOZIOwHmGgzO2XbQ+C2Rbp+rCt8zHORS+YdiGRe4UH/bm4aClvZwUreqx2fQkYTfEmnxsNqak46KyulPywcow=="
    }
  }
}
